// !$*UTF8*$!
{
	archiveVersion = 1;
	classes = {
	};
	objectVersion = 50;
	objects = {

/* Begin PBXBuildFile section */
		4955A1FD25417BE600DBDF61 /* AppDelegate.swift in Sources */ = {isa = PBXBuildFile; fileRef = 4955A1FC25417BE600DBDF61 /* AppDelegate.swift */; };
		4955A1FF25417BE600DBDF61 /* SceneDelegate.swift in Sources */ = {isa = PBXBuildFile; fileRef = 4955A1FE25417BE600DBDF61 /* SceneDelegate.swift */; };
		4955A20125417BE600DBDF61 /* ViewController.swift in Sources */ = {isa = PBXBuildFile; fileRef = 4955A20025417BE600DBDF61 /* ViewController.swift */; };
		4955A20425417BE600DBDF61 /* Main.storyboard in Resources */ = {isa = PBXBuildFile; fileRef = 4955A20225417BE600DBDF61 /* Main.storyboard */; };
		4955A20625417BEB00DBDF61 /* Assets.xcassets in Resources */ = {isa = PBXBuildFile; fileRef = 4955A20525417BEB00DBDF61 /* Assets.xcassets */; };
		4955A20925417BEB00DBDF61 /* LaunchScreen.storyboard in Resources */ = {isa = PBXBuildFile; fileRef = 4955A20725417BEB00DBDF61 /* LaunchScreen.storyboard */; };
		4955A21425417BEB00DBDF61 /* TableViewPractice1Tests.swift in Sources */ = {isa = PBXBuildFile; fileRef = 4955A21325417BEB00DBDF61 /* TableViewPractice1Tests.swift */; };
		4955A21F25417BEC00DBDF61 /* TableViewPractice1UITests.swift in Sources */ = {isa = PBXBuildFile; fileRef = 4955A21E25417BEC00DBDF61 /* TableViewPractice1UITests.swift */; };
/* End PBXBuildFile section */

/* Begin PBXContainerItemProxy section */
		4955A21025417BEB00DBDF61 /* PBXContainerItemProxy */ = {
			isa = PBXContainerItemProxy;
			containerPortal = 4955A1F125417BE600DBDF61 /* Project object */;
			proxyType = 1;
			remoteGlobalIDString = 4955A1F825417BE600DBDF61;
			remoteInfo = TableViewPractice1;
		};
		4955A21B25417BEC00DBDF61 /* PBXContainerItemProxy */ = {
			isa = PBXContainerItemProxy;
			containerPortal = 4955A1F125417BE600DBDF61 /* Project object */;
			proxyType = 1;
			remoteGlobalIDString = 4955A1F825417BE600DBDF61;
			remoteInfo = TableViewPractice1;
		};
/* End PBXContainerItemProxy section */

/* Begin PBXFileReference section */
		4955A1F925417BE600DBDF61 /* TableViewPractice1.app */ = {isa = PBXFileReference; explicitFileType = wrapper.application; includeInIndex = 0; path = TableViewPractice1.app; sourceTree = BUILT_PRODUCTS_DIR; };
		4955A1FC25417BE600DBDF61 /* AppDelegate.swift */ = {isa = PBXFileReference; lastKnownFileType = sourcecode.swift; path = AppDelegate.swift; sourceTree = "<group>"; };
		4955A1FE25417BE600DBDF61 /* SceneDelegate.swift */ = {isa = PBXFileReference; lastKnownFileType = sourcecode.swift; path = SceneDelegate.swift; sourceTree = "<group>"; };
		4955A20025417BE600DBDF61 /* ViewController.swift */ = {isa = PBXFileReference; lastKnownFileType = sourcecode.swift; path = ViewController.swift; sourceTree = "<group>"; };
		4955A20325417BE600DBDF61 /* Base */ = {isa = PBXFileReference; lastKnownFileType = file.storyboard; name = Base; path = Base.lproj/Main.storyboard; sourceTree = "<group>"; };
		4955A20525417BEB00DBDF61 /* Assets.xcassets */ = {isa = PBXFileReference; lastKnownFileType = folder.assetcatalog; path = Assets.xcassets; sourceTree = "<group>"; };
		4955A20825417BEB00DBDF61 /* Base */ = {isa = PBXFileReference; lastKnownFileType = file.storyboard; name = Base; path = Base.lproj/LaunchScreen.storyboard; sourceTree = "<group>"; };
		4955A20A25417BEB00DBDF61 /* Info.plist */ = {isa = PBXFileReference; lastKnownFileType = text.plist.xml; path = Info.plist; sourceTree = "<group>"; };
		4955A20F25417BEB00DBDF61 /* TableViewPractice1Tests.xctest */ = {isa = PBXFileReference; explicitFileType = wrapper.cfbundle; includeInIndex = 0; path = TableViewPractice1Tests.xctest; sourceTree = BUILT_PRODUCTS_DIR; };
		4955A21325417BEB00DBDF61 /* TableViewPractice1Tests.swift */ = {isa = PBXFileReference; lastKnownFileType = sourcecode.swift; path = TableViewPractice1Tests.swift; sourceTree = "<group>"; };
		4955A21525417BEB00DBDF61 /* Info.plist */ = {isa = PBXFileReference; lastKnownFileType = text.plist.xml; path = Info.plist; sourceTree = "<group>"; };
		4955A21A25417BEC00DBDF61 /* TableViewPractice1UITests.xctest */ = {isa = PBXFileReference; explicitFileType = wrapper.cfbundle; includeInIndex = 0; path = TableViewPractice1UITests.xctest; sourceTree = BUILT_PRODUCTS_DIR; };
		4955A21E25417BEC00DBDF61 /* TableViewPractice1UITests.swift */ = {isa = PBXFileReference; lastKnownFileType = sourcecode.swift; path = TableViewPractice1UITests.swift; sourceTree = "<group>"; };
		4955A22025417BEC00DBDF61 /* Info.plist */ = {isa = PBXFileReference; lastKnownFileType = text.plist.xml; path = Info.plist; sourceTree = "<group>"; };
/* End PBXFileReference section */

/* Begin PBXFrameworksBuildPhase section */
		4955A1F625417BE600DBDF61 /* Frameworks */ = {
			isa = PBXFrameworksBuildPhase;
			buildActionMask = 2147483647;
			files = (
			);
			runOnlyForDeploymentPostprocessing = 0;
		};
		4955A20C25417BEB00DBDF61 /* Frameworks */ = {
			isa = PBXFrameworksBuildPhase;
			buildActionMask = 2147483647;
			files = (
			);
			runOnlyForDeploymentPostprocessing = 0;
		};
		4955A21725417BEC00DBDF61 /* Frameworks */ = {
			isa = PBXFrameworksBuildPhase;
			buildActionMask = 2147483647;
			files = (
			);
			runOnlyForDeploymentPostprocessing = 0;
		};
/* End PBXFrameworksBuildPhase section */

/* Begin PBXGroup section */
		4955A1F025417BE600DBDF61 = {
			isa = PBXGroup;
			children = (
				4955A1FB25417BE600DBDF61 /* TableViewPractice1 */,
				4955A21225417BEB00DBDF61 /* TableViewPractice1Tests */,
				4955A21D25417BEC00DBDF61 /* TableViewPractice1UITests */,
				4955A1FA25417BE600DBDF61 /* Products */,
			);
			sourceTree = "<group>";
		};
		4955A1FA25417BE600DBDF61 /* Products */ = {
			isa = PBXGroup;
			children = (
				4955A1F925417BE600DBDF61 /* TableViewPractice1.app */,
				4955A20F25417BEB00DBDF61 /* TableViewPractice1Tests.xctest */,
				4955A21A25417BEC00DBDF61 /* TableViewPractice1UITests.xctest */,
			);
			name = Products;
			sourceTree = "<group>";
		};
		4955A1FB25417BE600DBDF61 /* TableViewPractice1 */ = {
			isa = PBXGroup;
			children = (
				4955A1FC25417BE600DBDF61 /* AppDelegate.swift */,
				4955A1FE25417BE600DBDF61 /* SceneDelegate.swift */,
				4955A20025417BE600DBDF61 /* ViewController.swift */,
				4955A20225417BE600DBDF61 /* Main.storyboard */,
				4955A20525417BEB00DBDF61 /* Assets.xcassets */,
				4955A20725417BEB00DBDF61 /* LaunchScreen.storyboard */,
				4955A20A25417BEB00DBDF61 /* Info.plist */,
			);
			path = TableViewPractice1;
			sourceTree = "<group>";
		};
		4955A21225417BEB00DBDF61 /* TableViewPractice1Tests */ = {
			isa = PBXGroup;
			children = (
				4955A21325417BEB00DBDF61 /* TableViewPractice1Tests.swift */,
				4955A21525417BEB00DBDF61 /* Info.plist */,
			);
			path = TableViewPractice1Tests;
			sourceTree = "<group>";
		};
		4955A21D25417BEC00DBDF61 /* TableViewPractice1UITests */ = {
			isa = PBXGroup;
			children = (
				4955A21E25417BEC00DBDF61 /* TableViewPractice1UITests.swift */,
				4955A22025417BEC00DBDF61 /* Info.plist */,
			);
			path = TableViewPractice1UITests;
			sourceTree = "<group>";
		};
/* End PBXGroup section */

/* Begin PBXNativeTarget section */
		4955A1F825417BE600DBDF61 /* TableViewPractice1 */ = {
			isa = PBXNativeTarget;
			buildConfigurationList = 4955A22325417BEC00DBDF61 /* Build configuration list for PBXNativeTarget "TableViewPractice1" */;
			buildPhases = (
				4955A1F525417BE600DBDF61 /* Sources */,
				4955A1F625417BE600DBDF61 /* Frameworks */,
				4955A1F725417BE600DBDF61 /* Resources */,
			);
			buildRules = (
			);
			dependencies = (
			);
			name = TableViewPractice1;
			productName = TableViewPractice1;
			productReference = 4955A1F925417BE600DBDF61 /* TableViewPractice1.app */;
			productType = "com.apple.product-type.application";
		};
		4955A20E25417BEB00DBDF61 /* TableViewPractice1Tests */ = {
			isa = PBXNativeTarget;
			buildConfigurationList = 4955A22625417BEC00DBDF61 /* Build configuration list for PBXNativeTarget "TableViewPractice1Tests" */;
			buildPhases = (
				4955A20B25417BEB00DBDF61 /* Sources */,
				4955A20C25417BEB00DBDF61 /* Frameworks */,
				4955A20D25417BEB00DBDF61 /* Resources */,
			);
			buildRules = (
			);
			dependencies = (
				4955A21125417BEB00DBDF61 /* PBXTargetDependency */,
			);
			name = TableViewPractice1Tests;
			productName = TableViewPractice1Tests;
			productReference = 4955A20F25417BEB00DBDF61 /* TableViewPractice1Tests.xctest */;
			productType = "com.apple.product-type.bundle.unit-test";
		};
		4955A21925417BEC00DBDF61 /* TableViewPractice1UITests */ = {
			isa = PBXNativeTarget;
			buildConfigurationList = 4955A22925417BEC00DBDF61 /* Build configuration list for PBXNativeTarget "TableViewPractice1UITests" */;
			buildPhases = (
				4955A21625417BEC00DBDF61 /* Sources */,
				4955A21725417BEC00DBDF61 /* Frameworks */,
				4955A21825417BEC00DBDF61 /* Resources */,
			);
			buildRules = (
			);
			dependencies = (
				4955A21C25417BEC00DBDF61 /* PBXTargetDependency */,
			);
			name = TableViewPractice1UITests;
			productName = TableViewPractice1UITests;
			productReference = 4955A21A25417BEC00DBDF61 /* TableViewPractice1UITests.xctest */;
			productType = "com.apple.product-type.bundle.ui-testing";
		};
/* End PBXNativeTarget section */

/* Begin PBXProject section */
		4955A1F125417BE600DBDF61 /* Project object */ = {
			isa = PBXProject;
			attributes = {
				LastSwiftUpdateCheck = 1200;
				LastUpgradeCheck = 1200;
				TargetAttributes = {
					4955A1F825417BE600DBDF61 = {
						CreatedOnToolsVersion = 12.0.1;
					};
					4955A20E25417BEB00DBDF61 = {
						CreatedOnToolsVersion = 12.0.1;
						TestTargetID = 4955A1F825417BE600DBDF61;
					};
					4955A21925417BEC00DBDF61 = {
						CreatedOnToolsVersion = 12.0.1;
						TestTargetID = 4955A1F825417BE600DBDF61;
					};
				};
			};
			buildConfigurationList = 4955A1F425417BE600DBDF61 /* Build configuration list for PBXProject "TableViewPractice1" */;
			compatibilityVersion = "Xcode 9.3";
			developmentRegion = en;
			hasScannedForEncodings = 0;
			knownRegions = (
				en,
				Base,
			);
			mainGroup = 4955A1F025417BE600DBDF61;
			productRefGroup = 4955A1FA25417BE600DBDF61 /* Products */;
			projectDirPath = "";
			projectRoot = "";
			targets = (
				4955A1F825417BE600DBDF61 /* TableViewPractice1 */,
				4955A20E25417BEB00DBDF61 /* TableViewPractice1Tests */,
				4955A21925417BEC00DBDF61 /* TableViewPractice1UITests */,
			);
		};
/* End PBXProject section */

/* Begin PBXResourcesBuildPhase section */
		4955A1F725417BE600DBDF61 /* Resources */ = {
			isa = PBXResourcesBuildPhase;
			buildActionMask = 2147483647;
			files = (
				4955A20925417BEB00DBDF61 /* LaunchScreen.storyboard in Resources */,
				4955A20625417BEB00DBDF61 /* Assets.xcassets in Resources */,
				4955A20425417BE600DBDF61 /* Main.storyboard in Resources */,
			);
			runOnlyForDeploymentPostprocessing = 0;
		};
		4955A20D25417BEB00DBDF61 /* Resources */ = {
			isa = PBXResourcesBuildPhase;
			buildActionMask = 2147483647;
			files = (
			);
			runOnlyForDeploymentPostprocessing = 0;
		};
		4955A21825417BEC00DBDF61 /* Resources */ = {
			isa = PBXResourcesBuildPhase;
			buildActionMask = 2147483647;
			files = (
			);
			runOnlyForDeploymentPostprocessing = 0;
		};
/* End PBXResourcesBuildPhase section */

/* Begin PBXSourcesBuildPhase section */
		4955A1F525417BE600DBDF61 /* Sources */ = {
			isa = PBXSourcesBuildPhase;
			buildActionMask = 2147483647;
			files = (
				4955A20125417BE600DBDF61 /* ViewController.swift in Sources */,
				4955A1FD25417BE600DBDF61 /* AppDelegate.swift in Sources */,
				4955A1FF25417BE600DBDF61 /* SceneDelegate.swift in Sources */,
			);
			runOnlyForDeploymentPostprocessing = 0;
		};
		4955A20B25417BEB00DBDF61 /* Sources */ = {
			isa = PBXSourcesBuildPhase;
			buildActionMask = 2147483647;
			files = (
				4955A21425417BEB00DBDF61 /* TableViewPractice1Tests.swift in Sources */,
			);
			runOnlyForDeploymentPostprocessing = 0;
		};
		4955A21625417BEC00DBDF61 /* Sources */ = {
			isa = PBXSourcesBuildPhase;
			buildActionMask = 2147483647;
			files = (
				4955A21F25417BEC00DBDF61 /* TableViewPractice1UITests.swift in Sources */,
			);
			runOnlyForDeploymentPostprocessing = 0;
		};
/* End PBXSourcesBuildPhase section */

/* Begin PBXTargetDependency section */
		4955A21125417BEB00DBDF61 /* PBXTargetDependency */ = {
			isa = PBXTargetDependency;
			target = 4955A1F825417BE600DBDF61 /* TableViewPractice1 */;
			targetProxy = 4955A21025417BEB00DBDF61 /* PBXContainerItemProxy */;
		};
		4955A21C25417BEC00DBDF61 /* PBXTargetDependency */ = {
			isa = PBXTargetDependency;
			target = 4955A1F825417BE600DBDF61 /* TableViewPractice1 */;
			targetProxy = 4955A21B25417BEC00DBDF61 /* PBXContainerItemProxy */;
		};
/* End PBXTargetDependency section */

/* Begin PBXVariantGroup section */
		4955A20225417BE600DBDF61 /* Main.storyboard */ = {
			isa = PBXVariantGroup;
			children = (
				4955A20325417BE600DBDF61 /* Base */,
			);
			name = Main.storyboard;
			sourceTree = "<group>";
		};
		4955A20725417BEB00DBDF61 /* LaunchScreen.storyboard */ = {
			isa = PBXVariantGroup;
			children = (
				4955A20825417BEB00DBDF61 /* Base */,
			);
			name = LaunchScreen.storyboard;
			sourceTree = "<group>";
		};
/* End PBXVariantGroup section */

/* Begin XCBuildConfiguration section */
		4955A22125417BEC00DBDF61 /* Debug */ = {
			isa = XCBuildConfiguration;
			buildSettings = {
				ALWAYS_SEARCH_USER_PATHS = NO;
				CLANG_ANALYZER_NONNULL = YES;
				CLANG_ANALYZER_NUMBER_OBJECT_CONVERSION = YES_AGGRESSIVE;
				CLANG_CXX_LANGUAGE_STANDARD = "gnu++14";
				CLANG_CXX_LIBRARY = "libc++";
				CLANG_ENABLE_MODULES = YES;
				CLANG_ENABLE_OBJC_ARC = YES;
				CLANG_ENABLE_OBJC_WEAK = YES;
				CLANG_WARN_BLOCK_CAPTURE_AUTORELEASING = YES;
				CLANG_WARN_BOOL_CONVERSION = YES;
				CLANG_WARN_COMMA = YES;
				CLANG_WARN_CONSTANT_CONVERSION = YES;
				CLANG_WARN_DEPRECATED_OBJC_IMPLEMENTATIONS = YES;
				CLANG_WARN_DIRECT_OBJC_ISA_USAGE = YES_ERROR;
				CLANG_WARN_DOCUMENTATION_COMMENTS = YES;
				CLANG_WARN_EMPTY_BODY = YES;
				CLANG_WARN_ENUM_CONVERSION = YES;
				CLANG_WARN_INFINITE_RECURSION = YES;
				CLANG_WARN_INT_CONVERSION = YES;
				CLANG_WARN_NON_LITERAL_NULL_CONVERSION = YES;
				CLANG_WARN_OBJC_IMPLICIT_RETAIN_SELF = YES;
				CLANG_WARN_OBJC_LITERAL_CONVERSION = YES;
				CLANG_WARN_OBJC_ROOT_CLASS = YES_ERROR;
				CLANG_WARN_QUOTED_INCLUDE_IN_FRAMEWORK_HEADER = YES;
				CLANG_WARN_RANGE_LOOP_ANALYSIS = YES;
				CLANG_WARN_STRICT_PROTOTYPES = YES;
				CLANG_WARN_SUSPICIOUS_MOVE = YES;
				CLANG_WARN_UNGUARDED_AVAILABILITY = YES_AGGRESSIVE;
				CLANG_WARN_UNREACHABLE_CODE = YES;
				CLANG_WARN__DUPLICATE_METHOD_MATCH = YES;
				COPY_PHASE_STRIP = NO;
				DEBUG_INFORMATION_FORMAT = dwarf;
				ENABLE_STRICT_OBJC_MSGSEND = YES;
				ENABLE_TESTABILITY = YES;
				GCC_C_LANGUAGE_STANDARD = gnu11;
				GCC_DYNAMIC_NO_PIC = NO;
				GCC_NO_COMMON_BLOCKS = YES;
				GCC_OPTIMIZATION_LEVEL = 0;
				GCC_PREPROCESSOR_DEFINITIONS = (
					"DEBUG=1",
					"$(inherited)",
				);
				GCC_WARN_64_TO_32_BIT_CONVERSION = YES;
				GCC_WARN_ABOUT_RETURN_TYPE = YES_ERROR;
				GCC_WARN_UNDECLARED_SELECTOR = YES;
				GCC_WARN_UNINITIALIZED_AUTOS = YES_AGGRESSIVE;
				GCC_WARN_UNUSED_FUNCTION = YES;
				GCC_WARN_UNUSED_VARIABLE = YES;
				IPHONEOS_DEPLOYMENT_TARGET = 14.0;
				MTL_ENABLE_DEBUG_INFO = INCLUDE_SOURCE;
				MTL_FAST_MATH = YES;
				ONLY_ACTIVE_ARCH = YES;
				SDKROOT = iphoneos;
				SWIFT_ACTIVE_COMPILATION_CONDITIONS = DEBUG;
				SWIFT_OPTIMIZATION_LEVEL = "-Onone";
			};
			name = Debug;
		};
		4955A22225417BEC00DBDF61 /* Release */ = {
			isa = XCBuildConfiguration;
			buildSettings = {
				ALWAYS_SEARCH_USER_PATHS = NO;
				CLANG_ANALYZER_NONNULL = YES;
				CLANG_ANALYZER_NUMBER_OBJECT_CONVERSION = YES_AGGRESSIVE;
				CLANG_CXX_LANGUAGE_STANDARD = "gnu++14";
				CLANG_CXX_LIBRARY = "libc++";
				CLANG_ENABLE_MODULES = YES;
				CLANG_ENABLE_OBJC_ARC = YES;
				CLANG_ENABLE_OBJC_WEAK = YES;
				CLANG_WARN_BLOCK_CAPTURE_AUTORELEASING = YES;
				CLANG_WARN_BOOL_CONVERSION = YES;
				CLANG_WARN_COMMA = YES;
				CLANG_WARN_CONSTANT_CONVERSION = YES;
				CLANG_WARN_DEPRECATED_OBJC_IMPLEMENTATIONS = YES;
				CLANG_WARN_DIRECT_OBJC_ISA_USAGE = YES_ERROR;
				CLANG_WARN_DOCUMENTATION_COMMENTS = YES;
				CLANG_WARN_EMPTY_BODY = YES;
				CLANG_WARN_ENUM_CONVERSION = YES;
				CLANG_WARN_INFINITE_RECURSION = YES;
				CLANG_WARN_INT_CONVERSION = YES;
				CLANG_WARN_NON_LITERAL_NULL_CONVERSION = YES;
				CLANG_WARN_OBJC_IMPLICIT_RETAIN_SELF = YES;
				CLANG_WARN_OBJC_LITERAL_CONVERSION = YES;
				CLANG_WARN_OBJC_ROOT_CLASS = YES_ERROR;
				CLANG_WARN_QUOTED_INCLUDE_IN_FRAMEWORK_HEADER = YES;
				CLANG_WARN_RANGE_LOOP_ANALYSIS = YES;
				CLANG_WARN_STRICT_PROTOTYPES = YES;
				CLANG_WARN_SUSPICIOUS_MOVE = YES;
				CLANG_WARN_UNGUARDED_AVAILABILITY = YES_AGGRESSIVE;
				CLANG_WARN_UNREACHABLE_CODE = YES;
				CLANG_WARN__DUPLICATE_METHOD_MATCH = YES;
				COPY_PHASE_STRIP = NO;
				DEBUG_INFORMATION_FORMAT = "dwarf-with-dsym";
				ENABLE_NS_ASSERTIONS = NO;
				ENABLE_STRICT_OBJC_MSGSEND = YES;
				GCC_C_LANGUAGE_STANDARD = gnu11;
				GCC_NO_COMMON_BLOCKS = YES;
				GCC_WARN_64_TO_32_BIT_CONVERSION = YES;
				GCC_WARN_ABOUT_RETURN_TYPE = YES_ERROR;
				GCC_WARN_UNDECLARED_SELECTOR = YES;
				GCC_WARN_UNINITIALIZED_AUTOS = YES_AGGRESSIVE;
				GCC_WARN_UNUSED_FUNCTION = YES;
				GCC_WARN_UNUSED_VARIABLE = YES;
				IPHONEOS_DEPLOYMENT_TARGET = 14.0;
				MTL_ENABLE_DEBUG_INFO = NO;
				MTL_FAST_MATH = YES;
				SDKROOT = iphoneos;
				SWIFT_COMPILATION_MODE = wholemodule;
				SWIFT_OPTIMIZATION_LEVEL = "-O";
				VALIDATE_PRODUCT = YES;
			};
			name = Release;
		};
		4955A22425417BEC00DBDF61 /* Debug */ = {
			isa = XCBuildConfiguration;
			buildSettings = {
				ASSETCATALOG_COMPILER_APPICON_NAME = AppIcon;
				ASSETCATALOG_COMPILER_GLOBAL_ACCENT_COLOR_NAME = AccentColor;
				CODE_SIGN_STYLE = Automatic;
				INFOPLIST_FILE = TableViewPractice1/Info.plist;
				LD_RUNPATH_SEARCH_PATHS = (
					"$(inherited)",
					"@executable_path/Frameworks",
				);
				PRODUCT_BUNDLE_IDENTIFIER = Home.TableViewPractice1;
				PRODUCT_NAME = "$(TARGET_NAME)";
				SWIFT_VERSION = 5.0;
				TARGETED_DEVICE_FAMILY = "1,2";
			};
			name = Debug;
		};
		4955A22525417BEC00DBDF61 /* Release */ = {
			isa = XCBuildConfiguration;
			buildSettings = {
				ASSETCATALOG_COMPILER_APPICON_NAME = AppIcon;
				ASSETCATALOG_COMPILER_GLOBAL_ACCENT_COLOR_NAME = AccentColor;
				CODE_SIGN_STYLE = Automatic;
				INFOPLIST_FILE = TableViewPractice1/Info.plist;
				LD_RUNPATH_SEARCH_PATHS = (
					"$(inherited)",
					"@executable_path/Frameworks",
				);
				PRODUCT_BUNDLE_IDENTIFIER = Home.TableViewPractice1;
				PRODUCT_NAME = "$(TARGET_NAME)";
				SWIFT_VERSION = 5.0;
				TARGETED_DEVICE_FAMILY = "1,2";
			};
			name = Release;
		};
		4955A22725417BEC00DBDF61 /* Debug */ = {
			isa = XCBuildConfiguration;
			buildSettings = {
				ALWAYS_EMBED_SWIFT_STANDARD_LIBRARIES = YES;
				BUNDLE_LOADER = "$(TEST_HOST)";
				CODE_SIGN_STYLE = Automatic;
				INFOPLIST_FILE = TableViewPractice1Tests/Info.plist;
				IPHONEOS_DEPLOYMENT_TARGET = 14.0;
				LD_RUNPATH_SEARCH_PATHS = (
					"$(inherited)",
					"@executable_path/Frameworks",
					"@loader_path/Frameworks",
				);
				PRODUCT_BUNDLE_IDENTIFIER = Home.TableViewPractice1Tests;
				PRODUCT_NAME = "$(TARGET_NAME)";
				SWIFT_VERSION = 5.0;
				TARGETED_DEVICE_FAMILY = "1,2";
				TEST_HOST = "$(BUILT_PRODUCTS_DIR)/TableViewPractice1.app/TableViewPractice1";
			};
			name = Debug;
		};
		4955A22825417BEC00DBDF61 /* Release */ = {
			isa = XCBuildConfiguration;
			buildSettings = {
				ALWAYS_EMBED_SWIFT_STANDARD_LIBRARIES = YES;
				BUNDLE_LOADER = "$(TEST_HOST)";
				CODE_SIGN_STYLE = Automatic;
				INFOPLIST_FILE = TableViewPractice1Tests/Info.plist;
				IPHONEOS_DEPLOYMENT_TARGET = 14.0;
				LD_RUNPATH_SEARCH_PATHS = (
					"$(inherited)",
					"@executable_path/Frameworks",
					"@loader_path/Frameworks",
				);
				PRODUCT_BUNDLE_IDENTIFIER = Home.TableViewPractice1Tests;
				PRODUCT_NAME = "$(TARGET_NAME)";
				SWIFT_VERSION = 5.0;
				TARGETED_DEVICE_FAMILY = "1,2";
				TEST_HOST = "$(BUILT_PRODUCTS_DIR)/TableViewPractice1.app/TableViewPractice1";
			};
			name = Release;
		};
		4955A22A25417BEC00DBDF61 /* Debug */ = {
			isa = XCBuildConfiguration;
			buildSettings = {
				ALWAYS_EMBED_SWIFT_STANDARD_LIBRARIES = YES;
				CODE_SIGN_STYLE = Automatic;
				INFOPLIST_FILE = TableViewPractice1UITests/Info.plist;
				LD_RUNPATH_SEARCH_PATHS = (
					"$(inherited)",
					"@executable_path/Frameworks",
					"@loader_path/Frameworks",
				);
				PRODUCT_BUNDLE_IDENTIFIER = Home.TableViewPractice1UITests;
				PRODUCT_NAME = "$(TARGET_NAME)";
				SWIFT_VERSION = 5.0;
				TARGETED_DEVICE_FAMILY = "1,2";
				TEST_TARGET_NAME = TableViewPractice1;
			};
			name = Debug;
		};
		4955A22B25417BEC00DBDF61 /* Release */ = {
			isa = XCBuildConfiguration;
			buildSettings = {
				ALWAYS_EMBED_SWIFT_STANDARD_LIBRARIES = YES;
				CODE_SIGN_STYLE = Automatic;
				INFOPLIST_FILE = TableViewPractice1UITests/Info.plist;
				LD_RUNPATH_SEARCH_PATHS = (
					"$(inherited)",
					"@executable_path/Frameworks",
					"@loader_path/Frameworks",
				);
				PRODUCT_BUNDLE_IDENTIFIER = Home.TableViewPractice1UITests;
				PRODUCT_NAME = "$(TARGET_NAME)";
				SWIFT_VERSION = 5.0;
				TARGETED_DEVICE_FAMILY = "1,2";
				TEST_TARGET_NAME = TableViewPractice1;
			};
			name = Release;
		};
/* End XCBuildConfiguration section */

/* Begin XCConfigurationList section */
		4955A1F425417BE600DBDF61 /* Build configuration list for PBXProject "TableViewPractice1" */ = {
			isa = XCConfigurationList;
			buildConfigurations = (
				4955A22125417BEC00DBDF61 /* Debug */,
				4955A22225417BEC00DBDF61 /* Release */,
			);
			defaultConfigurationIsVisible = 0;
			defaultConfigurationName = Release;
		};
		4955A22325417BEC00DBDF61 /* Build configuration list for PBXNativeTarget "TableViewPractice1" */ = {
			isa = XCConfigurationList;
			buildConfigurations = (
				4955A22425417BEC00DBDF61 /* Debug */,
				4955A22525417BEC00DBDF61 /* Release */,
			);
			defaultConfigurationIsVisible = 0;
			defaultConfigurationName = Release;
		};
		4955A22625417BEC00DBDF61 /* Build configuration list for PBXNativeTarget "TableViewPractice1Tests" */ = {
			isa = XCConfigurationList;
			buildConfigurations = (
				4955A22725417BEC00DBDF61 /* Debug */,
				4955A22825417BEC00DBDF61 /* Release */,
			);
			defaultConfigurationIsVisible = 0;
			defaultConfigurationName = Release;
		};
		4955A22925417BEC00DBDF61 /* Build configuration list for PBXNativeTarget "TableViewPractice1UITests" */ = {
			isa = XCConfigurationList;
			buildConfigurations = (
				4955A22A25417BEC00DBDF61 /* Debug */,
				4955A22B25417BEC00DBDF61 /* Release */,
			);
			defaultConfigurationIsVisible = 0;
			defaultConfigurationName = Release;
		};
/* End XCConfigurationList section */
	};
	rootObject = 4955A1F125417BE600DBDF61 /* Project object */;
}
